
Microsoft Visual Studio Solution File, Format Version 12.00
# Visual Studio Version 16
VisualStudioVersion = 16.0.31515.178
MinimumVisualStudioVersion = 10.0.40219.1
Project("{9A19103F-16F7-4668-BE54-9A1E7A4F7556}") = "JeoPizza", "Jeo'sPizza\JeoPizza.csproj", "{0DB65E63-AF51-4E3A-B205-0C2CEEB87684}"
EndProject
Project("{9A19103F-16F7-4668-BE54-9A1E7A4F7556}") = "JeoNunitTest", "JeoNunitTest\JeoNunitTest.csproj", "{0FFAC9C5-4A10-4C66-AE93-E1AF31042C9E}"
EndProject
Project("{FAE04EC0-301F-11D3-BF4B-00C04F79EFBC}") = "SeleniumTesting", "SeleniumTesting\SeleniumTesting.csproj", "{A93119FC-D069-4D79-B355-D4AB56F87267}"
EndProject
Global
	GlobalSection(SolutionConfigurationPlatforms) = preSolution
		Debug|Any CPU = Debug|Any CPU
		Release|Any CPU = Release|Any CPU
	EndGlobalSection
	GlobalSection(ProjectConfigurationPlatforms) = postSolution
		{0DB65E63-AF51-4E3A-B205-0C2CEEB87684}.Debug|Any CPU.ActiveCfg = Debug|Any CPU
		{0DB65E63-AF51-4E3A-B205-0C2CEEB87684}.Debug|Any CPU.Build.0 = Debug|Any CPU
		{0DB65E63-AF51-4E3A-B205-0C2CEEB87684}.Release|Any CPU.ActiveCfg = Release|Any CPU
		{0DB65E63-AF51-4E3A-B205-0C2CEEB87684}.Release|Any CPU.Build.0 = Release|Any CPU
		{0FFAC9C5-4A10-4C66-AE93-E1AF31042C9E}.Debug|Any CPU.ActiveCfg = Debug|Any CPU
		{0FFAC9C5-4A10-4C66-AE93-E1AF31042C9E}.Debug|Any CPU.Build.0 = Debug|Any CPU
		{0FFAC9C5-4A10-4C66-AE93-E1AF31042C9E}.Release|Any CPU.ActiveCfg = Release|Any CPU
		{0FFAC9C5-4A10-4C66-AE93-E1AF31042C9E}.Release|Any CPU.Build.0 = Release|Any CPU
		{A93119FC-D069-4D79-B355-D4AB56F87267}.Debug|Any CPU.ActiveCfg = Debug|Any CPU
		{A93119FC-D069-4D79-B355-D4AB56F87267}.Debug|Any CPU.Build.0 = Debug|Any CPU
		{A93119FC-D069-4D79-B355-D4AB56F87267}.Release|Any CPU.ActiveCfg = Release|Any CPU
		{A93119FC-D069-4D79-B355-D4AB56F87267}.Release|Any CPU.Build.0 = Release|Any CPU
	EndGlobalSection
	GlobalSection(SolutionProperties) = preSolution
		HideSolutionNode = FALSE
	EndGlobalSection
	GlobalSection(ExtensibilityGlobals) = postSolution
		SolutionGuid = {2E204AAD-560B-4DCA-A36D-7B88BE7E1F58}
	EndGlobalSection
EndGlobal
